Microsoft Visual Studio Solution File, Format Version 12.00
# Visual Studio 2012
Project("{FAE04EC0-301F-11D3-BF4B-00C04F79EFBC}") = "SpeedySaucer", "SpeedySaucer.csproj", "{29ADA31C-186A-4EB4-BBDC-E1F87C7B1F2C}"
EndProject
Global
	GlobalSection(SolutionConfigurationPlatforms) = preSolution
	Debug|Any CPU = Debug|Any CPU
	ExportDebug|Any CPU = ExportDebug|Any CPU
	ExportRelease|Any CPU = ExportRelease|Any CPU
	EndGlobalSection
	GlobalSection(ProjectConfigurationPlatforms) = postSolution
		{29ADA31C-186A-4EB4-BBDC-E1F87C7B1F2C}.Debug|Any CPU.ActiveCfg = Debug|Any CPU
		{29ADA31C-186A-4EB4-BBDC-E1F87C7B1F2C}.Debug|Any CPU.Build.0 = Debug|Any CPU
		{29ADA31C-186A-4EB4-BBDC-E1F87C7B1F2C}.ExportDebug|Any CPU.ActiveCfg = ExportDebug|Any CPU
		{29ADA31C-186A-4EB4-BBDC-E1F87C7B1F2C}.ExportDebug|Any CPU.Build.0 = ExportDebug|Any CPU
		{29ADA31C-186A-4EB4-BBDC-E1F87C7B1F2C}.ExportRelease|Any CPU.ActiveCfg = ExportRelease|Any CPU
		{29ADA31C-186A-4EB4-BBDC-E1F87C7B1F2C}.ExportRelease|Any CPU.Build.0 = ExportRelease|Any CPU
	EndGlobalSection
EndGlobal
